
Microsoft Visual Studio Solution File, Format Version 12.00
# Visual Studio Express 2012 for Web
Project("{2150E333-8FDC-42A3-9474-1A3956D46DE8}") = "Cliente", "Cliente", "{70D82EF1-7B11-4E90-82BD-30344BDD7BB3}"
EndProject
Project("{2150E333-8FDC-42A3-9474-1A3956D46DE8}") = "Dominio", "Dominio", "{597D53DC-9EBC-4F28-93F0-225023F02577}"
EndProject
Project("{2150E333-8FDC-42A3-9474-1A3956D46DE8}") = "Repositorio", "Repositorio", "{A1A39DCB-79D4-4072-B276-32873DE3549E}"
EndProject
Project("{2150E333-8FDC-42A3-9474-1A3956D46DE8}") = "Servicio", "Servicio", "{01C126D5-CCD1-4E4B-B725-57AD8D015721}"
EndProject
Project("{FAE04EC0-301F-11D3-BF4B-00C04F79EFBC}") = "TPA.SISEVE.Cliente.MVC", "TPA.SISEVE.Cliente.MVC\TPA.SISEVE.Cliente.MVC.csproj", "{BEA97CA1-FFD3-4E11-B12A-B53BBB3BB2E7}"
EndProject
Project("{FAE04EC0-301F-11D3-BF4B-00C04F79EFBC}") = "TPA.SISEVE.Dominio.Entidad", "TPA.SISEVE.Dominio.Entidad\TPA.SISEVE.Dominio.Entidad.csproj", "{D28634B8-8ABD-4972-A615-12D2346764A2}"
EndProject
Project("{FAE04EC0-301F-11D3-BF4B-00C04F79EFBC}") = "TPA.SISEVE.Dominio.Negocio", "TPA.SISEVE.Dominio.Negocio\TPA.SISEVE.Dominio.Negocio.csproj", "{A4FA555B-5F3D-49D4-B49D-725E7A807362}"
EndProject
Project("{FAE04EC0-301F-11D3-BF4B-00C04F79EFBC}") = "TPA.SISEVE.Repositorio.Datos", "TPA.SISEVE.Repositorio.Datos\TPA.SISEVE.Repositorio.Datos.csproj", "{29CCE8A3-27D3-4208-B735-0EA6F294C68B}"
EndProject
Project("{FAE04EC0-301F-11D3-BF4B-00C04F79EFBC}") = "TPA.SISEVE.Repositorio.Datos.Interfaces", "TPA.SISEVE.Repositorio.Datos.Interfaces\TPA.SISEVE.Repositorio.Datos.Interfaces.csproj", "{60A67F27-77F2-43A9-8958-91D0B336CCF0}"
EndProject
Project("{FAE04EC0-301F-11D3-BF4B-00C04F79EFBC}") = "TPA.SISEVE.Dominio.Negocio.Interfaces", "TPA.SISEVE.Dominio.Negocio.Interfaces\TPA.SISEVE.Dominio.Negocio.Interfaces.csproj", "{42EDB064-F9FE-4044-934D-BE3CB58E2871}"
EndProject
Global
	GlobalSection(SolutionConfigurationPlatforms) = preSolution
		Debug|Any CPU = Debug|Any CPU
		Release|Any CPU = Release|Any CPU
	EndGlobalSection
	GlobalSection(ProjectConfigurationPlatforms) = postSolution
		{BEA97CA1-FFD3-4E11-B12A-B53BBB3BB2E7}.Debug|Any CPU.ActiveCfg = Debug|Any CPU
		{BEA97CA1-FFD3-4E11-B12A-B53BBB3BB2E7}.Debug|Any CPU.Build.0 = Debug|Any CPU
		{BEA97CA1-FFD3-4E11-B12A-B53BBB3BB2E7}.Release|Any CPU.ActiveCfg = Release|Any CPU
		{BEA97CA1-FFD3-4E11-B12A-B53BBB3BB2E7}.Release|Any CPU.Build.0 = Release|Any CPU
		{D28634B8-8ABD-4972-A615-12D2346764A2}.Debug|Any CPU.ActiveCfg = Debug|Any CPU
		{D28634B8-8ABD-4972-A615-12D2346764A2}.Debug|Any CPU.Build.0 = Debug|Any CPU
		{D28634B8-8ABD-4972-A615-12D2346764A2}.Release|Any CPU.ActiveCfg = Release|Any CPU
		{D28634B8-8ABD-4972-A615-12D2346764A2}.Release|Any CPU.Build.0 = Release|Any CPU
		{A4FA555B-5F3D-49D4-B49D-725E7A807362}.Debug|Any CPU.ActiveCfg = Debug|Any CPU
		{A4FA555B-5F3D-49D4-B49D-725E7A807362}.Debug|Any CPU.Build.0 = Debug|Any CPU
		{A4FA555B-5F3D-49D4-B49D-725E7A807362}.Release|Any CPU.ActiveCfg = Release|Any CPU
		{A4FA555B-5F3D-49D4-B49D-725E7A807362}.Release|Any CPU.Build.0 = Release|Any CPU
		{29CCE8A3-27D3-4208-B735-0EA6F294C68B}.Debug|Any CPU.ActiveCfg = Debug|Any CPU
		{29CCE8A3-27D3-4208-B735-0EA6F294C68B}.Debug|Any CPU.Build.0 = Debug|Any CPU
		{29CCE8A3-27D3-4208-B735-0EA6F294C68B}.Release|Any CPU.ActiveCfg = Release|Any CPU
		{29CCE8A3-27D3-4208-B735-0EA6F294C68B}.Release|Any CPU.Build.0 = Release|Any CPU
		{60A67F27-77F2-43A9-8958-91D0B336CCF0}.Debug|Any CPU.ActiveCfg = Debug|Any CPU
		{60A67F27-77F2-43A9-8958-91D0B336CCF0}.Debug|Any CPU.Build.0 = Debug|Any CPU
		{60A67F27-77F2-43A9-8958-91D0B336CCF0}.Release|Any CPU.ActiveCfg = Release|Any CPU
		{60A67F27-77F2-43A9-8958-91D0B336CCF0}.Release|Any CPU.Build.0 = Release|Any CPU
		{42EDB064-F9FE-4044-934D-BE3CB58E2871}.Debug|Any CPU.ActiveCfg = Debug|Any CPU
		{42EDB064-F9FE-4044-934D-BE3CB58E2871}.Debug|Any CPU.Build.0 = Debug|Any CPU
		{42EDB064-F9FE-4044-934D-BE3CB58E2871}.Release|Any CPU.ActiveCfg = Release|Any CPU
		{42EDB064-F9FE-4044-934D-BE3CB58E2871}.Release|Any CPU.Build.0 = Release|Any CPU
	EndGlobalSection
	GlobalSection(SolutionProperties) = preSolution
		HideSolutionNode = FALSE
	EndGlobalSection
	GlobalSection(NestedProjects) = preSolution
		{BEA97CA1-FFD3-4E11-B12A-B53BBB3BB2E7} = {70D82EF1-7B11-4E90-82BD-30344BDD7BB3}
		{D28634B8-8ABD-4972-A615-12D2346764A2} = {597D53DC-9EBC-4F28-93F0-225023F02577}
		{A4FA555B-5F3D-49D4-B49D-725E7A807362} = {597D53DC-9EBC-4F28-93F0-225023F02577}
		{42EDB064-F9FE-4044-934D-BE3CB58E2871} = {597D53DC-9EBC-4F28-93F0-225023F02577}
		{29CCE8A3-27D3-4208-B735-0EA6F294C68B} = {A1A39DCB-79D4-4072-B276-32873DE3549E}
		{60A67F27-77F2-43A9-8958-91D0B336CCF0} = {A1A39DCB-79D4-4072-B276-32873DE3549E}
	EndGlobalSection
EndGlobal
